PODS:
  - HexColors (2.2.1)
  - RESideMenu (4.0.7)
  - Reveal-iOS-SDK (1.0.6)
  - Rollout.io (0.7.2)
  - SDWebImage (3.7.2):
    - SDWebImage/Core (= 3.7.2)
  - SDWebImage/Core (3.7.2)
  - SGNavigationProgress (1.2)
  - STHTTPRequest (1.0.2)
  - TSMessages (0.9.12):
    - HexColors
  - UIActivityIndicator-for-SDWebImage (1.2):
    - SDWebImage (~> 3.7)

DEPENDENCIES:
  - RESideMenu
  - Reveal-iOS-SDK (= 1.0.6)
  - Rollout.io (~> 0.7.0)
  - SGNavigationProgress (from `https://raw.githubusercontent.com/JohnWong/SGNavigationProgress/master/SGNavigationProgress.podspec`)
  - STHTTPRequest
  - TSMessages
  - UIActivityIndicator-for-SDWebImage

EXTERNAL SOURCES:
  SGNavigationProgress:
    :podspec: https://raw.githubusercontent.com/JohnWong/SGNavigationProgress/master/SGNavigationProgress.podspec

SPEC CHECKSUMS:
  HexColors: abfd172e329dab59888614ccba6f216cec59289d
  RESideMenu: f24c508404b49c667344c54aba7e590883533958
  Reveal-iOS-SDK: 5c06829ab290f1314d15c0f66aaa572fd2342c81
  Rollout.io: 80b29e3ba4ebe53b944bb4c5790e767319118683
  SDWebImage: 71b7cdc1d1721d6a82ed62889030225f2c249e29
  SGNavigationProgress: 6620db991cfd7611f8de036f4d6536c903cf0557
  STHTTPRequest: f4ca4e3ca31ebd9b54c134aa721ddd1711f1089d
  TSMessages: 2a52642128d7ab15b46930c810b9c9403a2b58f3
  UIActivityIndicator-for-SDWebImage: 7bf7ebbf0ed1747dedc0d6e949c4603a6d0f9e0c

COCOAPODS: 0.36.0
