// !$*UTF8*$!
{
	archiveVersion = 1;
	classes = {
	};
	objectVersion = 46;
	objects = {

/* Begin PBXBuildFile section */
		5214D92F1AE95D45008E1668 /* Stars@2x.png in Resources */ = {isa = PBXBuildFile; fileRef = 5214D92E1AE95D45008E1668 /* Stars@2x.png */; };
		5214D9331AE96002008E1668 /* SettingViewController.swift in Sources */ = {isa = PBXBuildFile; fileRef = 5214D9321AE96002008E1668 /* SettingViewController.swift */; };
		5214D9391AE96CF3008E1668 /* IconClear@2x.png in Resources */ = {isa = PBXBuildFile; fileRef = 5214D9381AE96CF3008E1668 /* IconClear@2x.png */; };
		522ED16E1ADAA33F0080ABD3 /* AppDelegate.swift in Sources */ = {isa = PBXBuildFile; fileRef = 522ED16D1ADAA33F0080ABD3 /* AppDelegate.swift */; };
		522ED1701ADAA33F0080ABD3 /* MasterViewController.swift in Sources */ = {isa = PBXBuildFile; fileRef = 522ED16F1ADAA33F0080ABD3 /* MasterViewController.swift */; };
		522ED1751ADAA3400080ABD3 /* Main.storyboard in Resources */ = {isa = PBXBuildFile; fileRef = 522ED1731ADAA3400080ABD3 /* Main.storyboard */; };
		522ED1771ADAA3400080ABD3 /* Images.xcassets in Resources */ = {isa = PBXBuildFile; fileRef = 522ED1761ADAA3400080ABD3 /* Images.xcassets */; };
		522ED17A1ADAA3400080ABD3 /* LaunchScreen.xib in Resources */ = {isa = PBXBuildFile; fileRef = 522ED1781ADAA3400080ABD3 /* LaunchScreen.xib */; };
		522ED1861ADAA3400080ABD3 /* textbookTests.swift in Sources */ = {isa = PBXBuildFile; fileRef = 522ED1851ADAA3400080ABD3 /* textbookTests.swift */; };
		522ED1901ADAA4E40080ABD3 /* AppConfiguration.swift in Sources */ = {isa = PBXBuildFile; fileRef = 522ED18F1ADAA4E40080ABD3 /* AppConfiguration.swift */; };
		522ED1921ADAA9940080ABD3 /* Request.swift in Sources */ = {isa = PBXBuildFile; fileRef = 522ED1911ADAA9940080ABD3 /* Request.swift */; };
		522ED1951ADACE4A0080ABD3 /* BookRequest.swift in Sources */ = {isa = PBXBuildFile; fileRef = 522ED1941ADACE4A0080ABD3 /* BookRequest.swift */; };
		526E4D271AE91B12001B8E99 /* RootViewController.swift in Sources */ = {isa = PBXBuildFile; fileRef = 526E4D261AE91B12001B8E99 /* RootViewController.swift */; };
		527AEFB81AE73F8C00E1B178 /* CategoryCell.swift in Sources */ = {isa = PBXBuildFile; fileRef = 527AEFB71AE73F8C00E1B178 /* CategoryCell.swift */; };
		528703671ADD815E00C5F99E /* PageViewController.swift in Sources */ = {isa = PBXBuildFile; fileRef = 528703661ADD815E00C5F99E /* PageViewController.swift */; };
		5294FCBF1AE5EB99007E913D /* ImageViewController.swift in Sources */ = {isa = PBXBuildFile; fileRef = 5294FCBE1AE5EB99007E913D /* ImageViewController.swift */; };
		5294FCC11AE5F780007E913D /* RequestCache.swift in Sources */ = {isa = PBXBuildFile; fileRef = 5294FCC01AE5F780007E913D /* RequestCache.swift */; };
		52B8AF871AE68B6C00D8B1DC /* CategoryRequest.swift in Sources */ = {isa = PBXBuildFile; fileRef = 52B8AF861AE68B6C00D8B1DC /* CategoryRequest.swift */; };
		52B8AF891AE6B1E700D8B1DC /* PickViewController.swift in Sources */ = {isa = PBXBuildFile; fileRef = 52B8AF881AE6B1E700D8B1DC /* PickViewController.swift */; };
		52B8AF8B1AE6B4D800D8B1DC /* CategoryItem.swift in Sources */ = {isa = PBXBuildFile; fileRef = 52B8AF8A1AE6B4D800D8B1DC /* CategoryItem.swift */; };
		52C5381E1AEAA0710042904E /* Utility.swift in Sources */ = {isa = PBXBuildFile; fileRef = 52C5381D1AEAA0710042904E /* Utility.swift */; };
		52C538201AEAB70E0042904E /* WebViewController.swift in Sources */ = {isa = PBXBuildFile; fileRef = 52C5381F1AEAB70E0042904E /* WebViewController.swift */; };
		52C538241AEAC6C10042904E /* IconAbout@2x.png in Resources */ = {isa = PBXBuildFile; fileRef = 52C538231AEAC6C10042904E /* IconAbout@2x.png */; };
		52C538261AEAC76F0042904E /* IconPrivacy@2x.png in Resources */ = {isa = PBXBuildFile; fileRef = 52C538251AEAC76F0042904E /* IconPrivacy@2x.png */; };
		52C538281AEAC7B90042904E /* IconHelp@2x.png in Resources */ = {isa = PBXBuildFile; fileRef = 52C538271AEAC7B90042904E /* IconHelp@2x.png */; };
		52C5382A1AEACBFD0042904E /* NavigationViewController.swift in Sources */ = {isa = PBXBuildFile; fileRef = 52C538291AEACBFD0042904E /* NavigationViewController.swift */; };
		52D6E1E01AE7600B00044F4A /* UserDefaults.swift in Sources */ = {isa = PBXBuildFile; fileRef = 52D6E1DF1AE7600B00044F4A /* UserDefaults.swift */; };
		52D6E1E21AE777D400044F4A /* Item.swift in Sources */ = {isa = PBXBuildFile; fileRef = 52D6E1E11AE777D400044F4A /* Item.swift */; };
		52F428941ADB743C0007389C /* BookItem.swift in Sources */ = {isa = PBXBuildFile; fileRef = 52F428931ADB743C0007389C /* BookItem.swift */; };
		5F406AF116A942A16EC7543A /* libPods-textbook.a in Frameworks */ = {isa = PBXBuildFile; fileRef = FC3DB9371057CC284DFCF304 /* libPods-textbook.a */; };
/* End PBXBuildFile section */

/* Begin PBXContainerItemProxy section */
		522ED1801ADAA3400080ABD3 /* PBXContainerItemProxy */ = {
			isa = PBXContainerItemProxy;
			containerPortal = 522ED1601ADAA33F0080ABD3 /* Project object */;
			proxyType = 1;
			remoteGlobalIDString = 522ED1671ADAA33F0080ABD3;
			remoteInfo = textbook;
		};
/* End PBXContainerItemProxy section */

/* Begin PBXFileReference section */
		5214D92E1AE95D45008E1668 /* Stars@2x.png */ = {isa = PBXFileReference; lastKnownFileType = image.png; path = "Stars@2x.png"; sourceTree = "<group>"; };
		5214D9321AE96002008E1668 /* SettingViewController.swift */ = {isa = PBXFileReference; fileEncoding = 4; lastKnownFileType = sourcecode.swift; path = SettingViewController.swift; sourceTree = "<group>"; };
		5214D9381AE96CF3008E1668 /* IconClear@2x.png */ = {isa = PBXFileReference; lastKnownFileType = image.png; path = "IconClear@2x.png"; sourceTree = "<group>"; };
		522ED1681ADAA33F0080ABD3 /* textbook.app */ = {isa = PBXFileReference; explicitFileType = wrapper.application; includeInIndex = 0; path = textbook.app; sourceTree = BUILT_PRODUCTS_DIR; };
		522ED16C1ADAA33F0080ABD3 /* Info.plist */ = {isa = PBXFileReference; lastKnownFileType = text.plist.xml; path = Info.plist; sourceTree = "<group>"; };
		522ED16D1ADAA33F0080ABD3 /* AppDelegate.swift */ = {isa = PBXFileReference; lastKnownFileType = sourcecode.swift; path = AppDelegate.swift; sourceTree = "<group>"; };
		522ED16F1ADAA33F0080ABD3 /* MasterViewController.swift */ = {isa = PBXFileReference; lastKnownFileType = sourcecode.swift; path = MasterViewController.swift; sourceTree = "<group>"; };
		522ED1741ADAA3400080ABD3 /* Base */ = {isa = PBXFileReference; lastKnownFileType = file.storyboard; name = Base; path = Base.lproj/Main.storyboard; sourceTree = "<group>"; };
		522ED1761ADAA3400080ABD3 /* Images.xcassets */ = {isa = PBXFileReference; lastKnownFileType = folder.assetcatalog; path = Images.xcassets; sourceTree = "<group>"; };
		522ED1791ADAA3400080ABD3 /* Base */ = {isa = PBXFileReference; lastKnownFileType = file.xib; name = Base; path = Base.lproj/LaunchScreen.xib; sourceTree = "<group>"; };
		522ED17F1ADAA3400080ABD3 /* textbookTests.xctest */ = {isa = PBXFileReference; explicitFileType = wrapper.cfbundle; includeInIndex = 0; path = textbookTests.xctest; sourceTree = BUILT_PRODUCTS_DIR; };
		522ED1841ADAA3400080ABD3 /* Info.plist */ = {isa = PBXFileReference; lastKnownFileType = text.plist.xml; path = Info.plist; sourceTree = "<group>"; };
		522ED1851ADAA3400080ABD3 /* textbookTests.swift */ = {isa = PBXFileReference; lastKnownFileType = sourcecode.swift; path = textbookTests.swift; sourceTree = "<group>"; };
		522ED18F1ADAA4E40080ABD3 /* AppConfiguration.swift */ = {isa = PBXFileReference; fileEncoding = 4; lastKnownFileType = sourcecode.swift; path = AppConfiguration.swift; sourceTree = "<group>"; };
		522ED1911ADAA9940080ABD3 /* Request.swift */ = {isa = PBXFileReference; fileEncoding = 4; lastKnownFileType = sourcecode.swift; path = Request.swift; sourceTree = "<group>"; };
		522ED1931ADAA9EE0080ABD3 /* Bridge.h */ = {isa = PBXFileReference; lastKnownFileType = sourcecode.c.h; path = Bridge.h; sourceTree = "<group>"; };
		522ED1941ADACE4A0080ABD3 /* BookRequest.swift */ = {isa = PBXFileReference; fileEncoding = 4; lastKnownFileType = sourcecode.swift; path = BookRequest.swift; sourceTree = "<group>"; };
		526E4D261AE91B12001B8E99 /* RootViewController.swift */ = {isa = PBXFileReference; fileEncoding = 4; lastKnownFileType = sourcecode.swift; path = RootViewController.swift; sourceTree = "<group>"; };
		527AEFB71AE73F8C00E1B178 /* CategoryCell.swift */ = {isa = PBXFileReference; fileEncoding = 4; lastKnownFileType = sourcecode.swift; path = CategoryCell.swift; sourceTree = "<group>"; };
		528703661ADD815E00C5F99E /* PageViewController.swift */ = {isa = PBXFileReference; fileEncoding = 4; lastKnownFileType = sourcecode.swift; path = PageViewController.swift; sourceTree = "<group>"; };
		5294FCBE1AE5EB99007E913D /* ImageViewController.swift */ = {isa = PBXFileReference; fileEncoding = 4; lastKnownFileType = sourcecode.swift; path = ImageViewController.swift; sourceTree = "<group>"; };
		5294FCC01AE5F780007E913D /* RequestCache.swift */ = {isa = PBXFileReference; fileEncoding = 4; lastKnownFileType = sourcecode.swift; path = RequestCache.swift; sourceTree = "<group>"; };
		52B8AF861AE68B6C00D8B1DC /* CategoryRequest.swift */ = {isa = PBXFileReference; fileEncoding = 4; lastKnownFileType = sourcecode.swift; path = CategoryRequest.swift; sourceTree = "<group>"; };
		52B8AF881AE6B1E700D8B1DC /* PickViewController.swift */ = {isa = PBXFileReference; fileEncoding = 4; lastKnownFileType = sourcecode.swift; path = PickViewController.swift; sourceTree = "<group>"; };
		52B8AF8A1AE6B4D800D8B1DC /* CategoryItem.swift */ = {isa = PBXFileReference; fileEncoding = 4; lastKnownFileType = sourcecode.swift; path = CategoryItem.swift; sourceTree = "<group>"; };
		52C5381D1AEAA0710042904E /* Utility.swift */ = {isa = PBXFileReference; fileEncoding = 4; lastKnownFileType = sourcecode.swift; path = Utility.swift; sourceTree = "<group>"; };
		52C5381F1AEAB70E0042904E /* WebViewController.swift */ = {isa = PBXFileReference; fileEncoding = 4; lastKnownFileType = sourcecode.swift; path = WebViewController.swift; sourceTree = "<group>"; };
		52C538231AEAC6C10042904E /* IconAbout@2x.png */ = {isa = PBXFileReference; lastKnownFileType = image.png; path = "IconAbout@2x.png"; sourceTree = "<group>"; };
		52C538251AEAC76F0042904E /* IconPrivacy@2x.png */ = {isa = PBXFileReference; lastKnownFileType = image.png; path = "IconPrivacy@2x.png"; sourceTree = "<group>"; };
		52C538271AEAC7B90042904E /* IconHelp@2x.png */ = {isa = PBXFileReference; lastKnownFileType = image.png; path = "IconHelp@2x.png"; sourceTree = "<group>"; };
		52C538291AEACBFD0042904E /* NavigationViewController.swift */ = {isa = PBXFileReference; fileEncoding = 4; lastKnownFileType = sourcecode.swift; path = NavigationViewController.swift; sourceTree = "<group>"; };
		52D6E1DF1AE7600B00044F4A /* UserDefaults.swift */ = {isa = PBXFileReference; fileEncoding = 4; lastKnownFileType = sourcecode.swift; path = UserDefaults.swift; sourceTree = "<group>"; };
		52D6E1E11AE777D400044F4A /* Item.swift */ = {isa = PBXFileReference; fileEncoding = 4; lastKnownFileType = sourcecode.swift; path = Item.swift; sourceTree = "<group>"; };
		52F428931ADB743C0007389C /* BookItem.swift */ = {isa = PBXFileReference; fileEncoding = 4; lastKnownFileType = sourcecode.swift; path = BookItem.swift; sourceTree = "<group>"; };
		F07D4D950EA3A74C5AED3F05 /* Pods-textbook.debug.xcconfig */ = {isa = PBXFileReference; includeInIndex = 1; lastKnownFileType = text.xcconfig; name = "Pods-textbook.debug.xcconfig"; path = "Pods/Target Support Files/Pods-textbook/Pods-textbook.debug.xcconfig"; sourceTree = "<group>"; };
		FB605A31703C19160D8150C8 /* Pods-textbook.release.xcconfig */ = {isa = PBXFileReference; includeInIndex = 1; lastKnownFileType = text.xcconfig; name = "Pods-textbook.release.xcconfig"; path = "Pods/Target Support Files/Pods-textbook/Pods-textbook.release.xcconfig"; sourceTree = "<group>"; };
		FC3DB9371057CC284DFCF304 /* libPods-textbook.a */ = {isa = PBXFileReference; explicitFileType = archive.ar; includeInIndex = 0; path = "libPods-textbook.a"; sourceTree = BUILT_PRODUCTS_DIR; };
/* End PBXFileReference section */

/* Begin PBXFrameworksBuildPhase section */
		522ED1651ADAA33F0080ABD3 /* Frameworks */ = {
			isa = PBXFrameworksBuildPhase;
			buildActionMask = 2147483647;
			files = (
				5F406AF116A942A16EC7543A /* libPods-textbook.a in Frameworks */,
			);
			runOnlyForDeploymentPostprocessing = 0;
		};
		522ED17C1ADAA3400080ABD3 /* Frameworks */ = {
			isa = PBXFrameworksBuildPhase;
			buildActionMask = 2147483647;
			files = (
			);
			runOnlyForDeploymentPostprocessing = 0;
		};
/* End PBXFrameworksBuildPhase section */

/* Begin PBXGroup section */
		5214D92D1AE95D45008E1668 /* Resources */ = {
			isa = PBXGroup;
			children = (
				52C538271AEAC7B90042904E /* IconHelp@2x.png */,
				52C538231AEAC6C10042904E /* IconAbout@2x.png */,
				52C538251AEAC76F0042904E /* IconPrivacy@2x.png */,
				5214D9381AE96CF3008E1668 /* IconClear@2x.png */,
				5214D92E1AE95D45008E1668 /* Stars@2x.png */,
			);
			path = Resources;
			sourceTree = "<group>";
		};
		522ED15F1ADAA33F0080ABD3 = {
			isa = PBXGroup;
			children = (
				522ED16A1ADAA33F0080ABD3 /* textbook */,
				522ED1821ADAA3400080ABD3 /* textbookTests */,
				522ED1691ADAA33F0080ABD3 /* Products */,
				A027602364AE6461CE1E4F13 /* Pods */,
				C6308B8762E6B9D707625AFD /* Frameworks */,
			);
			sourceTree = "<group>";
		};
		522ED1691ADAA33F0080ABD3 /* Products */ = {
			isa = PBXGroup;
			children = (
				522ED1681ADAA33F0080ABD3 /* textbook.app */,
				522ED17F1ADAA3400080ABD3 /* textbookTests.xctest */,
			);
			name = Products;
			sourceTree = "<group>";
		};
		522ED16A1ADAA33F0080ABD3 /* textbook */ = {
			isa = PBXGroup;
			children = (
				522ED18F1ADAA4E40080ABD3 /* AppConfiguration.swift */,
				522ED16D1ADAA33F0080ABD3 /* AppDelegate.swift */,
				52F428931ADB743C0007389C /* BookItem.swift */,
				522ED1941ADACE4A0080ABD3 /* BookRequest.swift */,
				527AEFB71AE73F8C00E1B178 /* CategoryCell.swift */,
				52B8AF8A1AE6B4D800D8B1DC /* CategoryItem.swift */,
				52B8AF861AE68B6C00D8B1DC /* CategoryRequest.swift */,
				522ED1761ADAA3400080ABD3 /* Images.xcassets */,
				5294FCBE1AE5EB99007E913D /* ImageViewController.swift */,
				52D6E1E11AE777D400044F4A /* Item.swift */,
				522ED1781ADAA3400080ABD3 /* LaunchScreen.xib */,
				522ED1731ADAA3400080ABD3 /* Main.storyboard */,
				522ED16F1ADAA33F0080ABD3 /* MasterViewController.swift */,
				52C538291AEACBFD0042904E /* NavigationViewController.swift */,
				528703661ADD815E00C5F99E /* PageViewController.swift */,
				52B8AF881AE6B1E700D8B1DC /* PickViewController.swift */,
				522ED1911ADAA9940080ABD3 /* Request.swift */,
				5294FCC01AE5F780007E913D /* RequestCache.swift */,
				5214D92D1AE95D45008E1668 /* Resources */,
				526E4D261AE91B12001B8E99 /* RootViewController.swift */,
				5214D9321AE96002008E1668 /* SettingViewController.swift */,
				522ED16B1ADAA33F0080ABD3 /* Supporting Files */,
				52D6E1DF1AE7600B00044F4A /* UserDefaults.swift */,
				52C5381D1AEAA0710042904E /* Utility.swift */,
				52C5381F1AEAB70E0042904E /* WebViewController.swift */,
			);
			path = textbook;
			sourceTree = "<group>";
		};
		522ED16B1ADAA33F0080ABD3 /* Supporting Files */ = {
			isa = PBXGroup;
			children = (
				522ED16C1ADAA33F0080ABD3 /* Info.plist */,
				522ED1931ADAA9EE0080ABD3 /* Bridge.h */,
			);
			name = "Supporting Files";
			sourceTree = "<group>";
		};
		522ED1821ADAA3400080ABD3 /* textbookTests */ = {
			isa = PBXGroup;
			children = (
				522ED1851ADAA3400080ABD3 /* textbookTests.swift */,
				522ED1831ADAA3400080ABD3 /* Supporting Files */,
			);
			path = textbookTests;
			sourceTree = "<group>";
		};
		522ED1831ADAA3400080ABD3 /* Supporting Files */ = {
			isa = PBXGroup;
			children = (
				522ED1841ADAA3400080ABD3 /* Info.plist */,
			);
			name = "Supporting Files";
			sourceTree = "<group>";
		};
		A027602364AE6461CE1E4F13 /* Pods */ = {
			isa = PBXGroup;
			children = (
				F07D4D950EA3A74C5AED3F05 /* Pods-textbook.debug.xcconfig */,
				FB605A31703C19160D8150C8 /* Pods-textbook.release.xcconfig */,
			);
			name = Pods;
			sourceTree = "<group>";
		};
		C6308B8762E6B9D707625AFD /* Frameworks */ = {
			isa = PBXGroup;
			children = (
				FC3DB9371057CC284DFCF304 /* libPods-textbook.a */,
			);
			name = Frameworks;
			sourceTree = "<group>";
		};
/* End PBXGroup section */

/* Begin PBXNativeTarget section */
		522ED1671ADAA33F0080ABD3 /* textbook */ = {
			isa = PBXNativeTarget;
			buildConfigurationList = 522ED1891ADAA3400080ABD3 /* Build configuration list for PBXNativeTarget "textbook" */;
			buildPhases = (
				59EA71F2044C964912A52509 /* Check Pods Manifest.lock */,
				522ED1641ADAA33F0080ABD3 /* Sources */,
				522ED1651ADAA33F0080ABD3 /* Frameworks */,
				522ED1661ADAA33F0080ABD3 /* Resources */,
				B5E49B0BD9B84CF511385FCE /* Copy Pods Resources */,
			);
			buildRules = (
			);
			dependencies = (
			);
			name = textbook;
			productName = textbook;
			productReference = 522ED1681ADAA33F0080ABD3 /* textbook.app */;
			productType = "com.apple.product-type.application";
		};
		522ED17E1ADAA3400080ABD3 /* textbookTests */ = {
			isa = PBXNativeTarget;
			buildConfigurationList = 522ED18C1ADAA3400080ABD3 /* Build configuration list for PBXNativeTarget "textbookTests" */;
			buildPhases = (
				522ED17B1ADAA3400080ABD3 /* Sources */,
				522ED17C1ADAA3400080ABD3 /* Frameworks */,
				522ED17D1ADAA3400080ABD3 /* Resources */,
			);
			buildRules = (
			);
			dependencies = (
				522ED1811ADAA3400080ABD3 /* PBXTargetDependency */,
			);
			name = textbookTests;
			productName = textbookTests;
			productReference = 522ED17F1ADAA3400080ABD3 /* textbookTests.xctest */;
			productType = "com.apple.product-type.bundle.unit-test";
		};
/* End PBXNativeTarget section */

/* Begin PBXProject section */
		522ED1601ADAA33F0080ABD3 /* Project object */ = {
			isa = PBXProject;
			attributes = {
				LastUpgradeCheck = 0630;
				ORGANIZATIONNAME = "John Wong";
				TargetAttributes = {
					522ED1671ADAA33F0080ABD3 = {
						CreatedOnToolsVersion = 6.3;
					};
					522ED17E1ADAA3400080ABD3 = {
						CreatedOnToolsVersion = 6.3;
						TestTargetID = 522ED1671ADAA33F0080ABD3;
					};
				};
			};
			buildConfigurationList = 522ED1631ADAA33F0080ABD3 /* Build configuration list for PBXProject "textbook" */;
			compatibilityVersion = "Xcode 3.2";
			developmentRegion = English;
			hasScannedForEncodings = 0;
			knownRegions = (
				en,
				Base,
			);
			mainGroup = 522ED15F1ADAA33F0080ABD3;
			productRefGroup = 522ED1691ADAA33F0080ABD3 /* Products */;
			projectDirPath = "";
			projectRoot = "";
			targets = (
				522ED1671ADAA33F0080ABD3 /* textbook */,
				522ED17E1ADAA3400080ABD3 /* textbookTests */,
			);
		};
/* End PBXProject section */

/* Begin PBXResourcesBuildPhase section */
		522ED1661ADAA33F0080ABD3 /* Resources */ = {
			isa = PBXResourcesBuildPhase;
			buildActionMask = 2147483647;
			files = (
				522ED1751ADAA3400080ABD3 /* Main.storyboard in Resources */,
				522ED17A1ADAA3400080ABD3 /* LaunchScreen.xib in Resources */,
				5214D9391AE96CF3008E1668 /* IconClear@2x.png in Resources */,
				52C538241AEAC6C10042904E /* IconAbout@2x.png in Resources */,
				5214D92F1AE95D45008E1668 /* Stars@2x.png in Resources */,
				522ED1771ADAA3400080ABD3 /* Images.xcassets in Resources */,
				52C538281AEAC7B90042904E /* IconHelp@2x.png in Resources */,
				52C538261AEAC76F0042904E /* IconPrivacy@2x.png in Resources */,
			);
			runOnlyForDeploymentPostprocessing = 0;
		};
		522ED17D1ADAA3400080ABD3 /* Resources */ = {
			isa = PBXResourcesBuildPhase;
			buildActionMask = 2147483647;
			files = (
			);
			runOnlyForDeploymentPostprocessing = 0;
		};
/* End PBXResourcesBuildPhase section */

/* Begin PBXShellScriptBuildPhase section */
		59EA71F2044C964912A52509 /* Check Pods Manifest.lock */ = {
			isa = PBXShellScriptBuildPhase;
			buildActionMask = 2147483647;
			files = (
			);
			inputPaths = (
			);
			name = "Check Pods Manifest.lock";
			outputPaths = (
			);
			runOnlyForDeploymentPostprocessing = 0;
			shellPath = /bin/sh;
			shellScript = "diff \"${PODS_ROOT}/../Podfile.lock\" \"${PODS_ROOT}/Manifest.lock\" > /dev/null\nif [[ $? != 0 ]] ; then\n    cat << EOM\nerror: The sandbox is not in sync with the Podfile.lock. Run 'pod install' or update your CocoaPods installation.\nEOM\n    exit 1\nfi\n";
			showEnvVarsInLog = 0;
		};
		B5E49B0BD9B84CF511385FCE /* Copy Pods Resources */ = {
			isa = PBXShellScriptBuildPhase;
			buildActionMask = 2147483647;
			files = (
			);
			inputPaths = (
			);
			name = "Copy Pods Resources";
			outputPaths = (
			);
			runOnlyForDeploymentPostprocessing = 0;
			shellPath = /bin/sh;
			shellScript = "\"${SRCROOT}/Pods/Target Support Files/Pods-textbook/Pods-textbook-resources.sh\"\n";
			showEnvVarsInLog = 0;
		};
/* End PBXShellScriptBuildPhase section */

/* Begin PBXSourcesBuildPhase section */
		522ED1641ADAA33F0080ABD3 /* Sources */ = {
			isa = PBXSourcesBuildPhase;
			buildActionMask = 2147483647;
			files = (
				52C538201AEAB70E0042904E /* WebViewController.swift in Sources */,
				527AEFB81AE73F8C00E1B178 /* CategoryCell.swift in Sources */,
				522ED1951ADACE4A0080ABD3 /* BookRequest.swift in Sources */,
				52C5381E1AEAA0710042904E /* Utility.swift in Sources */,
				5294FCBF1AE5EB99007E913D /* ImageViewController.swift in Sources */,
				5214D9331AE96002008E1668 /* SettingViewController.swift in Sources */,
				522ED1921ADAA9940080ABD3 /* Request.swift in Sources */,
				5294FCC11AE5F780007E913D /* RequestCache.swift in Sources */,
				52C5382A1AEACBFD0042904E /* NavigationViewController.swift in Sources */,
				522ED1701ADAA33F0080ABD3 /* MasterViewController.swift in Sources */,
				526E4D271AE91B12001B8E99 /* RootViewController.swift in Sources */,
				522ED1901ADAA4E40080ABD3 /* AppConfiguration.swift in Sources */,
				52B8AF891AE6B1E700D8B1DC /* PickViewController.swift in Sources */,
				52B8AF871AE68B6C00D8B1DC /* CategoryRequest.swift in Sources */,
				52F428941ADB743C0007389C /* BookItem.swift in Sources */,
				52D6E1E21AE777D400044F4A /* Item.swift in Sources */,
				522ED16E1ADAA33F0080ABD3 /* AppDelegate.swift in Sources */,
				52B8AF8B1AE6B4D800D8B1DC /* CategoryItem.swift in Sources */,
				52D6E1E01AE7600B00044F4A /* UserDefaults.swift in Sources */,
				528703671ADD815E00C5F99E /* PageViewController.swift in Sources */,
			);
			runOnlyForDeploymentPostprocessing = 0;
		};
		522ED17B1ADAA3400080ABD3 /* Sources */ = {
			isa = PBXSourcesBuildPhase;
			buildActionMask = 2147483647;
			files = (
				522ED1861ADAA3400080ABD3 /* textbookTests.swift in Sources */,
			);
			runOnlyForDeploymentPostprocessing = 0;
		};
/* End PBXSourcesBuildPhase section */

/* Begin PBXTargetDependency section */
		522ED1811ADAA3400080ABD3 /* PBXTargetDependency */ = {
			isa = PBXTargetDependency;
			target = 522ED1671ADAA33F0080ABD3 /* textbook */;
			targetProxy = 522ED1801ADAA3400080ABD3 /* PBXContainerItemProxy */;
		};
/* End PBXTargetDependency section */

/* Begin PBXVariantGroup section */
		522ED1731ADAA3400080ABD3 /* Main.storyboard */ = {
			isa = PBXVariantGroup;
			children = (
				522ED1741ADAA3400080ABD3 /* Base */,
			);
			name = Main.storyboard;
			sourceTree = "<group>";
		};
		522ED1781ADAA3400080ABD3 /* LaunchScreen.xib */ = {
			isa = PBXVariantGroup;
			children = (
				522ED1791ADAA3400080ABD3 /* Base */,
			);
			name = LaunchScreen.xib;
			sourceTree = "<group>";
		};
/* End PBXVariantGroup section */

/* Begin XCBuildConfiguration section */
		522ED1871ADAA3400080ABD3 /* Debug */ = {
			isa = XCBuildConfiguration;
			buildSettings = {
				ALWAYS_SEARCH_USER_PATHS = NO;
				CLANG_CXX_LANGUAGE_STANDARD = "gnu++0x";
				CLANG_CXX_LIBRARY = "libc++";
				CLANG_ENABLE_MODULES = YES;
				CLANG_ENABLE_OBJC_ARC = YES;
				CLANG_WARN_BOOL_CONVERSION = YES;
				CLANG_WARN_CONSTANT_CONVERSION = YES;
				CLANG_WARN_DIRECT_OBJC_ISA_USAGE = YES_ERROR;
				CLANG_WARN_EMPTY_BODY = YES;
				CLANG_WARN_ENUM_CONVERSION = YES;
				CLANG_WARN_INT_CONVERSION = YES;
				CLANG_WARN_OBJC_ROOT_CLASS = YES_ERROR;
				CLANG_WARN_UNREACHABLE_CODE = YES;
				CLANG_WARN__DUPLICATE_METHOD_MATCH = YES;
				"CODE_SIGN_IDENTITY[sdk=iphoneos*]" = "iPhone Developer";
				COPY_PHASE_STRIP = NO;
				DEBUG_INFORMATION_FORMAT = "dwarf-with-dsym";
				ENABLE_STRICT_OBJC_MSGSEND = YES;
				GCC_C_LANGUAGE_STANDARD = gnu99;
				GCC_DYNAMIC_NO_PIC = NO;
				GCC_NO_COMMON_BLOCKS = YES;
				GCC_OPTIMIZATION_LEVEL = 0;
				GCC_PREPROCESSOR_DEFINITIONS = (
					"DEBUG=1",
					"$(inherited)",
				);
				GCC_SYMBOLS_PRIVATE_EXTERN = NO;
				GCC_WARN_64_TO_32_BIT_CONVERSION = YES;
				GCC_WARN_ABOUT_RETURN_TYPE = YES_ERROR;
				GCC_WARN_UNDECLARED_SELECTOR = YES;
				GCC_WARN_UNINITIALIZED_AUTOS = YES_AGGRESSIVE;
				GCC_WARN_UNUSED_FUNCTION = YES;
				GCC_WARN_UNUSED_VARIABLE = YES;
				IPHONEOS_DEPLOYMENT_TARGET = 7.0;
				MTL_ENABLE_DEBUG_INFO = YES;
				ONLY_ACTIVE_ARCH = YES;
				SDKROOT = iphoneos;
				SWIFT_OPTIMIZATION_LEVEL = "-Onone";
			};
			name = Debug;
		};
		522ED1881ADAA3400080ABD3 /* Release */ = {
			isa = XCBuildConfiguration;
			buildSettings = {
				ALWAYS_SEARCH_USER_PATHS = NO;
				CLANG_CXX_LANGUAGE_STANDARD = "gnu++0x";
				CLANG_CXX_LIBRARY = "libc++";
				CLANG_ENABLE_MODULES = YES;
				CLANG_ENABLE_OBJC_ARC = YES;
				CLANG_WARN_BOOL_CONVERSION = YES;
				CLANG_WARN_CONSTANT_CONVERSION = YES;
				CLANG_WARN_DIRECT_OBJC_ISA_USAGE = YES_ERROR;
				CLANG_WARN_EMPTY_BODY = YES;
				CLANG_WARN_ENUM_CONVERSION = YES;
				CLANG_WARN_INT_CONVERSION = YES;
				CLANG_WARN_OBJC_ROOT_CLASS = YES_ERROR;
				CLANG_WARN_UNREACHABLE_CODE = YES;
				CLANG_WARN__DUPLICATE_METHOD_MATCH = YES;
				"CODE_SIGN_IDENTITY[sdk=iphoneos*]" = "iPhone Developer";
				COPY_PHASE_STRIP = NO;
				DEBUG_INFORMATION_FORMAT = "dwarf-with-dsym";
				ENABLE_NS_ASSERTIONS = NO;
				ENABLE_STRICT_OBJC_MSGSEND = YES;
				GCC_C_LANGUAGE_STANDARD = gnu99;
				GCC_NO_COMMON_BLOCKS = YES;
				GCC_WARN_64_TO_32_BIT_CONVERSION = YES;
				GCC_WARN_ABOUT_RETURN_TYPE = YES_ERROR;
				GCC_WARN_UNDECLARED_SELECTOR = YES;
				GCC_WARN_UNINITIALIZED_AUTOS = YES_AGGRESSIVE;
				GCC_WARN_UNUSED_FUNCTION = YES;
				GCC_WARN_UNUSED_VARIABLE = YES;
				IPHONEOS_DEPLOYMENT_TARGET = 7.0;
				MTL_ENABLE_DEBUG_INFO = NO;
				SDKROOT = iphoneos;
				VALIDATE_PRODUCT = YES;
			};
			name = Release;
		};
		522ED18A1ADAA3400080ABD3 /* Debug */ = {
			isa = XCBuildConfiguration;
			baseConfigurationReference = F07D4D950EA3A74C5AED3F05 /* Pods-textbook.debug.xcconfig */;
			buildSettings = {
				ASSETCATALOG_COMPILER_APPICON_NAME = AppIcon;
				ASSETCATALOG_COMPILER_LAUNCHIMAGE_NAME = LaunchImage;
				INFOPLIST_FILE = textbook/Info.plist;
				LD_RUNPATH_SEARCH_PATHS = "$(inherited) @executable_path/Frameworks";
				PRODUCT_NAME = "$(TARGET_NAME)";
				SWIFT_OBJC_BRIDGING_HEADER = "${SRCROOT}/textbook/Bridge.h";
				TARGETED_DEVICE_FAMILY = "1,2";
			};
			name = Debug;
		};
		522ED18B1ADAA3400080ABD3 /* Release */ = {
			isa = XCBuildConfiguration;
			baseConfigurationReference = FB605A31703C19160D8150C8 /* Pods-textbook.release.xcconfig */;
			buildSettings = {
				ASSETCATALOG_COMPILER_APPICON_NAME = AppIcon;
				ASSETCATALOG_COMPILER_LAUNCHIMAGE_NAME = LaunchImage;
				INFOPLIST_FILE = textbook/Info.plist;
				LD_RUNPATH_SEARCH_PATHS = "$(inherited) @executable_path/Frameworks";
				PRODUCT_NAME = "$(TARGET_NAME)";
				SWIFT_OBJC_BRIDGING_HEADER = "${SRCROOT}/textbook/Bridge.h";
				TARGETED_DEVICE_FAMILY = "1,2";
			};
			name = Release;
		};
		522ED18D1ADAA3400080ABD3 /* Debug */ = {
			isa = XCBuildConfiguration;
			buildSettings = {
				BUNDLE_LOADER = "$(TEST_HOST)";
				FRAMEWORK_SEARCH_PATHS = (
					"$(SDKROOT)/Developer/Library/Frameworks",
					"$(inherited)",
				);
				GCC_PREPROCESSOR_DEFINITIONS = (
					"DEBUG=1",
					"$(inherited)",
				);
				INFOPLIST_FILE = textbookTests/Info.plist;
				LD_RUNPATH_SEARCH_PATHS = "$(inherited) @executable_path/Frameworks @loader_path/Frameworks";
				PRODUCT_NAME = "$(TARGET_NAME)";
				TEST_HOST = "$(BUILT_PRODUCTS_DIR)/textbook.app/textbook";
			};
			name = Debug;
		};
		522ED18E1ADAA3400080ABD3 /* Release */ = {
			isa = XCBuildConfiguration;
			buildSettings = {
				BUNDLE_LOADER = "$(TEST_HOST)";
				FRAMEWORK_SEARCH_PATHS = (
					"$(SDKROOT)/Developer/Library/Frameworks",
					"$(inherited)",
				);
				INFOPLIST_FILE = textbookTests/Info.plist;
				LD_RUNPATH_SEARCH_PATHS = "$(inherited) @executable_path/Frameworks @loader_path/Frameworks";
				PRODUCT_NAME = "$(TARGET_NAME)";
				TEST_HOST = "$(BUILT_PRODUCTS_DIR)/textbook.app/textbook";
			};
			name = Release;
		};
/* End XCBuildConfiguration section */

/* Begin XCConfigurationList section */
		522ED1631ADAA33F0080ABD3 /* Build configuration list for PBXProject "textbook" */ = {
			isa = XCConfigurationList;
			buildConfigurations = (
				522ED1871ADAA3400080ABD3 /* Debug */,
				522ED1881ADAA3400080ABD3 /* Release */,
			);
			defaultConfigurationIsVisible = 0;
			defaultConfigurationName = Release;
		};
		522ED1891ADAA3400080ABD3 /* Build configuration list for PBXNativeTarget "textbook" */ = {
			isa = XCConfigurationList;
			buildConfigurations = (
				522ED18A1ADAA3400080ABD3 /* Debug */,
				522ED18B1ADAA3400080ABD3 /* Release */,
			);
			defaultConfigurationIsVisible = 0;
			defaultConfigurationName = Release;
		};
		522ED18C1ADAA3400080ABD3 /* Build configuration list for PBXNativeTarget "textbookTests" */ = {
			isa = XCConfigurationList;
			buildConfigurations = (
				522ED18D1ADAA3400080ABD3 /* Debug */,
				522ED18E1ADAA3400080ABD3 /* Release */,
			);
			defaultConfigurationIsVisible = 0;
			defaultConfigurationName = Release;
		};
/* End XCConfigurationList section */
	};
	rootObject = 522ED1601ADAA33F0080ABD3 /* Project object */;
}
